
Microsoft Visual Studio Solution File, Format Version 12.00
# Visual Studio Version 17
VisualStudioVersion = 17.0.31919.166
MinimumVisualStudioVersion = 10.0.40219.1
Project("{9A19103F-16F7-4668-BE54-9A1E7A4F7556}") = "Genevill.MVC.BugTracker", "Genevill.MVC.BugTracker\Genevill.MVC.BugTracker.csproj", "{D649B9B5-3B17-466E-AAB0-BE83AC8F06AB}"
EndProject
Project("{E53339B2-1760-4266-BCC7-CA923CBCF16C}") = "docker-compose", "docker-compose.dcproj", "{857C5D6A-AD2D-4F5E-B329-722975E9CA92}"
EndProject
Global
	GlobalSection(SolutionConfigurationPlatforms) = preSolution
		Debug|Any CPU = Debug|Any CPU
		Release|Any CPU = Release|Any CPU
	EndGlobalSection
	GlobalSection(ProjectConfigurationPlatforms) = postSolution
		{D649B9B5-3B17-466E-AAB0-BE83AC8F06AB}.Debug|Any CPU.ActiveCfg = Debug|Any CPU
		{D649B9B5-3B17-466E-AAB0-BE83AC8F06AB}.Debug|Any CPU.Build.0 = Debug|Any CPU
		{D649B9B5-3B17-466E-AAB0-BE83AC8F06AB}.Release|Any CPU.ActiveCfg = Release|Any CPU
		{D649B9B5-3B17-466E-AAB0-BE83AC8F06AB}.Release|Any CPU.Build.0 = Release|Any CPU
		{857C5D6A-AD2D-4F5E-B329-722975E9CA92}.Debug|Any CPU.ActiveCfg = Debug|Any CPU
		{857C5D6A-AD2D-4F5E-B329-722975E9CA92}.Debug|Any CPU.Build.0 = Debug|Any CPU
		{857C5D6A-AD2D-4F5E-B329-722975E9CA92}.Release|Any CPU.ActiveCfg = Release|Any CPU
		{857C5D6A-AD2D-4F5E-B329-722975E9CA92}.Release|Any CPU.Build.0 = Release|Any CPU
	EndGlobalSection
	GlobalSection(SolutionProperties) = preSolution
		HideSolutionNode = FALSE
	EndGlobalSection
	GlobalSection(ExtensibilityGlobals) = postSolution
		SolutionGuid = {EE924837-03D3-4296-8E07-CDF4EB019EA7}
	EndGlobalSection
EndGlobal
